
Microsoft Visual Studio Solution File, Format Version 12.00
# Visual Studio 15
VisualStudioVersion = 15.0.28307.168
MinimumVisualStudioVersion = 10.0.40219.1
Project("{FAE04EC0-301F-11D3-BF4B-00C04F79EFBC}") = "Assignment5", "Assignment5\Assignment5.csproj", "{689C8E22-4576-4AB4-923B-5047766D5724}"
EndProject
Global
	GlobalSection(SolutionConfigurationPlatforms) = preSolution
		Debug|Any CPU = Debug|Any CPU
		Release|Any CPU = Release|Any CPU
	EndGlobalSection
	GlobalSection(ProjectConfigurationPlatforms) = postSolution
		{689C8E22-4576-4AB4-923B-5047766D5724}.Debug|Any CPU.ActiveCfg = Debug|Any CPU
		{689C8E22-4576-4AB4-923B-5047766D5724}.Debug|Any CPU.Build.0 = Debug|Any CPU
		{689C8E22-4576-4AB4-923B-5047766D5724}.Release|Any CPU.ActiveCfg = Release|Any CPU
		{689C8E22-4576-4AB4-923B-5047766D5724}.Release|Any CPU.Build.0 = Release|Any CPU
	EndGlobalSection
	GlobalSection(SolutionProperties) = preSolution
		HideSolutionNode = FALSE
	EndGlobalSection
	GlobalSection(ExtensibilityGlobals) = postSolution
		SolutionGuid = {E9D3FB10-0AF0-47C1-A9E4-4EDF28DDBD7C}
	EndGlobalSection
EndGlobal
